github.com/pkg/errors v0.9.1 h1:FEBLx1zS214owpjy7qsBeixbURkuhQAwrK5UwLGTwt4=
github.com/pkg/errors v0.9.1/go.mod h1:bwawxfHBFNV+L2hUp1rHADufV3IMtnDRdf1r5NINEl0=
github.com/xhebox/bstruct v0.0.0-20190615121614-c4a9e4d3437a h1:M2Z6cqHq2MEYwaZJLo8bPqubMZUfcqAoeH9Z9eUnR6g=
github.com/xhebox/bstruct v0.0.0-20190615121614-c4a9e4d3437a/go.mod h1:YS45+PWft9skV5GOHd0w886NdvbISEPhLs2579pd4V0=
github.com/xhebox/bstruct v0.0.0-20210125172452-c36e1006cf29 h1:lMx3E/urZ0wDiG27VXTEEq0RG/MHsscHPkYiS5KIjcE=
github.com/xhebox/bstruct v0.0.0-20210125172452-c36e1006cf29/go.mod h1:KZ+p86hKYsjjg3oG2RfDFJFGkn85Z60Xhc5E5P58FXY=
